
Microsoft Visual Studio Solution File, Format Version 12.00
# Visual Studio 15
VisualStudioVersion = 15.0.28307.168
MinimumVisualStudioVersion = 10.0.40219.1
Project("{FAE04EC0-301F-11D3-BF4B-00C04F79EFBC}") = "CSD-3354-March-6", "CSD-3354-March-6\CSD-3354-March-6.csproj", "{ED6DC744-6D91-454E-B333-36E1926DBEDB}"
EndProject
Global
	GlobalSection(SolutionConfigurationPlatforms) = preSolution
		Debug|Any CPU = Debug|Any CPU
		Release|Any CPU = Release|Any CPU
	EndGlobalSection
	GlobalSection(ProjectConfigurationPlatforms) = postSolution
		{ED6DC744-6D91-454E-B333-36E1926DBEDB}.Debug|Any CPU.ActiveCfg = Debug|Any CPU
		{ED6DC744-6D91-454E-B333-36E1926DBEDB}.Debug|Any CPU.Build.0 = Debug|Any CPU
		{ED6DC744-6D91-454E-B333-36E1926DBEDB}.Release|Any CPU.ActiveCfg = Release|Any CPU
		{ED6DC744-6D91-454E-B333-36E1926DBEDB}.Release|Any CPU.Build.0 = Release|Any CPU
	EndGlobalSection
	GlobalSection(SolutionProperties) = preSolution
		HideSolutionNode = FALSE
	EndGlobalSection
	GlobalSection(ExtensibilityGlobals) = postSolution
		SolutionGuid = {A18D8CAF-F909-4CE0-B907-41E87E6A1FEA}
	EndGlobalSection
EndGlobal
